
Microsoft Visual Studio Solution File, Format Version 12.00
# Visual Studio Version 16
VisualStudioVersion = 16.0.31313.79
MinimumVisualStudioVersion = 10.0.40219.1
Project("{9A19103F-16F7-4668-BE54-9A1E7A4F7556}") = "EFCore.WebAPi", "EFCore.WebAPi\EFCore.WebAPi.csproj", "{119A3B9A-0EBB-4C48-9749-E2F820FA2F4E}"
EndProject
Global
	GlobalSection(SolutionConfigurationPlatforms) = preSolution
		Debug|Any CPU = Debug|Any CPU
		Release|Any CPU = Release|Any CPU
	EndGlobalSection
	GlobalSection(ProjectConfigurationPlatforms) = postSolution
		{119A3B9A-0EBB-4C48-9749-E2F820FA2F4E}.Debug|Any CPU.ActiveCfg = Debug|Any CPU
		{119A3B9A-0EBB-4C48-9749-E2F820FA2F4E}.Debug|Any CPU.Build.0 = Debug|Any CPU
		{119A3B9A-0EBB-4C48-9749-E2F820FA2F4E}.Release|Any CPU.ActiveCfg = Release|Any CPU
		{119A3B9A-0EBB-4C48-9749-E2F820FA2F4E}.Release|Any CPU.Build.0 = Release|Any CPU
	EndGlobalSection
	GlobalSection(SolutionProperties) = preSolution
		HideSolutionNode = FALSE
	EndGlobalSection
	GlobalSection(ExtensibilityGlobals) = postSolution
		SolutionGuid = {1715CBCE-B234-44E1-992D-40ECD537DFB9}
	EndGlobalSection
EndGlobal
